// !$*UTF8*$!
{
	archiveVersion = 1;
	classes = {
	};
	objectVersion = 77;
	objects = {

/* Begin PBXContainerItemProxy section */
		B917A2222CDC176E005F47A6 /* PBXContainerItemProxy */ = {
			isa = PBXContainerItemProxy;
			containerPortal = B917A2092CDC176D005F47A6 /* Project object */;
			proxyType = 1;
			remoteGlobalIDString = B917A2102CDC176D005F47A6;
			remoteInfo = FoodCalendar;
		};
		B917A22C2CDC176E005F47A6 /* PBXContainerItemProxy */ = {
			isa = PBXContainerItemProxy;
			containerPortal = B917A2092CDC176D005F47A6 /* Project object */;
			proxyType = 1;
			remoteGlobalIDString = B917A2102CDC176D005F47A6;
			remoteInfo = FoodCalendar;
		};
/* End PBXContainerItemProxy section */

/* Begin PBXFileReference section */
		B917A2112CDC176D005F47A6 /* FoodCalendar.app */ = {isa = PBXFileReference; explicitFileType = wrapper.application; includeInIndex = 0; path = FoodCalendar.app; sourceTree = BUILT_PRODUCTS_DIR; };
		B917A2212CDC176E005F47A6 /* FoodCalendarTests.xctest */ = {isa = PBXFileReference; explicitFileType = wrapper.cfbundle; includeInIndex = 0; path = FoodCalendarTests.xctest; sourceTree = BUILT_PRODUCTS_DIR; };
		B917A22B2CDC176E005F47A6 /* FoodCalendarUITests.xctest */ = {isa = PBXFileReference; explicitFileType = wrapper.cfbundle; includeInIndex = 0; path = FoodCalendarUITests.xctest; sourceTree = BUILT_PRODUCTS_DIR; };
/* End PBXFileReference section */

/* Begin PBXFileSystemSynchronizedRootGroup section */
		B917A2132CDC176D005F47A6 /* FoodCalendar */ = {
			isa = PBXFileSystemSynchronizedRootGroup;
			path = FoodCalendar;
			sourceTree = "<group>";
		};
		B917A2242CDC176E005F47A6 /* FoodCalendarTests */ = {
			isa = PBXFileSystemSynchronizedRootGroup;
			path = FoodCalendarTests;
			sourceTree = "<group>";
		};
		B917A22E2CDC176E005F47A6 /* FoodCalendarUITests */ = {
			isa = PBXFileSystemSynchronizedRootGroup;
			path = FoodCalendarUITests;
			sourceTree = "<group>";
		};
/* End PBXFileSystemSynchronizedRootGroup section */

/* Begin PBXFrameworksBuildPhase section */
		B917A20E2CDC176D005F47A6 /* Frameworks */ = {
			isa = PBXFrameworksBuildPhase;
			buildActionMask = 2147483647;
			files = (
			);
			runOnlyForDeploymentPostprocessing = 0;
		};
		B917A21E2CDC176E005F47A6 /* Frameworks */ = {
			isa = PBXFrameworksBuildPhase;
			buildActionMask = 2147483647;
			files = (
			);
			runOnlyForDeploymentPostprocessing = 0;
		};
		B917A2282CDC176E005F47A6 /* Frameworks */ = {
			isa = PBXFrameworksBuildPhase;
			buildActionMask = 2147483647;
			files = (
			);
			runOnlyForDeploymentPostprocessing = 0;
		};
/* End PBXFrameworksBuildPhase section */

/* Begin PBXGroup section */
		B917A2082CDC176D005F47A6 = {
			isa = PBXGroup;
			children = (
				B917A2132CDC176D005F47A6 /* FoodCalendar */,
				B917A2242CDC176E005F47A6 /* FoodCalendarTests */,
				B917A22E2CDC176E005F47A6 /* FoodCalendarUITests */,
				B917A2122CDC176D005F47A6 /* Products */,
			);
			sourceTree = "<group>";
		};
		B917A2122CDC176D005F47A6 /* Products */ = {
			isa = PBXGroup;
			children = (
				B917A2112CDC176D005F47A6 /* FoodCalendar.app */,
				B917A2212CDC176E005F47A6 /* FoodCalendarTests.xctest */,
				B917A22B2CDC176E005F47A6 /* FoodCalendarUITests.xctest */,
			);
			name = Products;
			sourceTree = "<group>";
		};
/* End PBXGroup section */

/* Begin PBXNativeTarget section */
		B917A2102CDC176D005F47A6 /* FoodCalendar */ = {
			isa = PBXNativeTarget;
			buildConfigurationList = B917A2352CDC176E005F47A6 /* Build configuration list for PBXNativeTarget "FoodCalendar" */;
			buildPhases = (
				B917A20D2CDC176D005F47A6 /* Sources */,
				B917A20E2CDC176D005F47A6 /* Frameworks */,
				B917A20F2CDC176D005F47A6 /* Resources */,
			);
			buildRules = (
			);
			dependencies = (
			);
			fileSystemSynchronizedGroups = (
				B917A2132CDC176D005F47A6 /* FoodCalendar */,
			);
			name = FoodCalendar;
			packageProductDependencies = (
			);
			productName = FoodCalendar;
			productReference = B917A2112CDC176D005F47A6 /* FoodCalendar.app */;
			productType = "com.apple.product-type.application";
		};
		B917A2202CDC176E005F47A6 /* FoodCalendarTests */ = {
			isa = PBXNativeTarget;
			buildConfigurationList = B917A2382CDC176E005F47A6 /* Build configuration list for PBXNativeTarget "FoodCalendarTests" */;
			buildPhases = (
				B917A21D2CDC176E005F47A6 /* Sources */,
				B917A21E2CDC176E005F47A6 /* Frameworks */,
				B917A21F2CDC176E005F47A6 /* Resources */,
			);
			buildRules = (
			);
			dependencies = (
				B917A2232CDC176E005F47A6 /* PBXTargetDependency */,
			);
			fileSystemSynchronizedGroups = (
				B917A2242CDC176E005F47A6 /* FoodCalendarTests */,
			);
			name = FoodCalendarTests;
			packageProductDependencies = (
			);
			productName = FoodCalendarTests;
			productReference = B917A2212CDC176E005F47A6 /* FoodCalendarTests.xctest */;
			productType = "com.apple.product-type.bundle.unit-test";
		};
		B917A22A2CDC176E005F47A6 /* FoodCalendarUITests */ = {
			isa = PBXNativeTarget;
			buildConfigurationList = B917A23B2CDC176E005F47A6 /* Build configuration list for PBXNativeTarget "FoodCalendarUITests" */;
			buildPhases = (
				B917A2272CDC176E005F47A6 /* Sources */,
				B917A2282CDC176E005F47A6 /* Frameworks */,
				B917A2292CDC176E005F47A6 /* Resources */,
			);
			buildRules = (
			);
			dependencies = (
				B917A22D2CDC176E005F47A6 /* PBXTargetDependency */,
			);
			fileSystemSynchronizedGroups = (
				B917A22E2CDC176E005F47A6 /* FoodCalendarUITests */,
			);
			name = FoodCalendarUITests;
			packageProductDependencies = (
			);
			productName = FoodCalendarUITests;
			productReference = B917A22B2CDC176E005F47A6 /* FoodCalendarUITests.xctest */;
			productType = "com.apple.product-type.bundle.ui-testing";
		};
/* End PBXNativeTarget section */

/* Begin PBXProject section */
		B917A2092CDC176D005F47A6 /* Project object */ = {
			isa = PBXProject;
			attributes = {
				BuildIndependentTargetsInParallel = 1;
				LastSwiftUpdateCheck = 1610;
				LastUpgradeCheck = 1610;
				TargetAttributes = {
					B917A2102CDC176D005F47A6 = {
						CreatedOnToolsVersion = 16.1;
						LastSwiftMigration = 1610;
					};
					B917A2202CDC176E005F47A6 = {
						CreatedOnToolsVersion = 16.1;
						TestTargetID = B917A2102CDC176D005F47A6;
					};
					B917A22A2CDC176E005F47A6 = {
						CreatedOnToolsVersion = 16.1;
						TestTargetID = B917A2102CDC176D005F47A6;
					};
				};
			};
			buildConfigurationList = B917A20C2CDC176D005F47A6 /* Build configuration list for PBXProject "FoodCalendar" */;
			developmentRegion = en;
			hasScannedForEncodings = 0;
			knownRegions = (
				en,
				Base,
			);
			mainGroup = B917A2082CDC176D005F47A6;
			minimizedProjectReferenceProxies = 1;
			preferredProjectObjectVersion = 77;
			productRefGroup = B917A2122CDC176D005F47A6 /* Products */;
			projectDirPath = "";
			projectRoot = "";
			targets = (
				B917A2102CDC176D005F47A6 /* FoodCalendar */,
				B917A2202CDC176E005F47A6 /* FoodCalendarTests */,
				B917A22A2CDC176E005F47A6 /* FoodCalendarUITests */,
			);
		};
/* End PBXProject section */

/* Begin PBXResourcesBuildPhase section */
		B917A20F2CDC176D005F47A6 /* Resources */ = {
			isa = PBXResourcesBuildPhase;
			buildActionMask = 2147483647;
			files = (
			);
			runOnlyForDeploymentPostprocessing = 0;
		};
		B917A21F2CDC176E005F47A6 /* Resources */ = {
			isa = PBXResourcesBuildPhase;
			buildActionMask = 2147483647;
			files = (
			);
			runOnlyForDeploymentPostprocessing = 0;
		};
		B917A2292CDC176E005F47A6 /* Resources */ = {
			isa = PBXResourcesBuildPhase;
			buildActionMask = 2147483647;
			files = (
			);
			runOnlyForDeploymentPostprocessing = 0;
		};
/* End PBXResourcesBuildPhase section */

/* Begin PBXSourcesBuildPhase section */
		B917A20D2CDC176D005F47A6 /* Sources */ = {
			isa = PBXSourcesBuildPhase;
			buildActionMask = 2147483647;
			files = (
			);
			runOnlyForDeploymentPostprocessing = 0;
		};
		B917A21D2CDC176E005F47A6 /* Sources */ = {
			isa = PBXSourcesBuildPhase;
			buildActionMask = 2147483647;
			files = (
			);
			runOnlyForDeploymentPostprocessing = 0;
		};
		B917A2272CDC176E005F47A6 /* Sources */ = {
			isa = PBXSourcesBuildPhase;
			buildActionMask = 2147483647;
			files = (
			);
			runOnlyForDeploymentPostprocessing = 0;
		};
/* End PBXSourcesBuildPhase section */

/* Begin PBXTargetDependency section */
		B917A2232CDC176E005F47A6 /* PBXTargetDependency */ = {
			isa = PBXTargetDependency;
			target = B917A2102CDC176D005F47A6 /* FoodCalendar */;
			targetProxy = B917A2222CDC176E005F47A6 /* PBXContainerItemProxy */;
		};
		B917A22D2CDC176E005F47A6 /* PBXTargetDependency */ = {
			isa = PBXTargetDependency;
			target = B917A2102CDC176D005F47A6 /* FoodCalendar */;
			targetProxy = B917A22C2CDC176E005F47A6 /* PBXContainerItemProxy */;
		};
/* End PBXTargetDependency section */

/* Begin XCBuildConfiguration section */
		B917A2332CDC176E005F47A6 /* Debug */ = {
			isa = XCBuildConfiguration;
			buildSettings = {
				ALWAYS_SEARCH_USER_PATHS = NO;
				ASSETCATALOG_COMPILER_GENERATE_SWIFT_ASSET_SYMBOL_EXTENSIONS = YES;
				CLANG_ANALYZER_NONNULL = YES;
				CLANG_ANALYZER_NUMBER_OBJECT_CONVERSION = YES_AGGRESSIVE;
				CLANG_CXX_LANGUAGE_STANDARD = "gnu++20";
				CLANG_ENABLE_MODULES = YES;
				CLANG_ENABLE_OBJC_ARC = YES;
				CLANG_ENABLE_OBJC_WEAK = YES;
				CLANG_WARN_BLOCK_CAPTURE_AUTORELEASING = YES;
				CLANG_WARN_BOOL_CONVERSION = YES;
				CLANG_WARN_COMMA = YES;
				CLANG_WARN_CONSTANT_CONVERSION = YES;
				CLANG_WARN_DEPRECATED_OBJC_IMPLEMENTATIONS = YES;
				CLANG_WARN_DIRECT_OBJC_ISA_USAGE = YES_ERROR;
				CLANG_WARN_DOCUMENTATION_COMMENTS = YES;
				CLANG_WARN_EMPTY_BODY = YES;
				CLANG_WARN_ENUM_CONVERSION = YES;
				CLANG_WARN_INFINITE_RECURSION = YES;
				CLANG_WARN_INT_CONVERSION = YES;
				CLANG_WARN_NON_LITERAL_NULL_CONVERSION = YES;
				CLANG_WARN_OBJC_IMPLICIT_RETAIN_SELF = YES;
				CLANG_WARN_OBJC_LITERAL_CONVERSION = YES;
				CLANG_WARN_OBJC_ROOT_CLASS = YES_ERROR;
				CLANG_WARN_QUOTED_INCLUDE_IN_FRAMEWORK_HEADER = YES;
				CLANG_WARN_RANGE_LOOP_ANALYSIS = YES;
				CLANG_WARN_STRICT_PROTOTYPES = YES;
				CLANG_WARN_SUSPICIOUS_MOVE = YES;
				CLANG_WARN_UNGUARDED_AVAILABILITY = YES_AGGRESSIVE;
				CLANG_WARN_UNREACHABLE_CODE = YES;
				CLANG_WARN__DUPLICATE_METHOD_MATCH = YES;
				COPY_PHASE_STRIP = NO;
				DEBUG_INFORMATION_FORMAT = dwarf;
				ENABLE_STRICT_OBJC_MSGSEND = YES;
				ENABLE_TESTABILITY = YES;
				ENABLE_USER_SCRIPT_SANDBOXING = YES;
				GCC_C_LANGUAGE_STANDARD = gnu17;
				GCC_DYNAMIC_NO_PIC = NO;
				GCC_NO_COMMON_BLOCKS = YES;
				GCC_OPTIMIZATION_LEVEL = 0;
				GCC_PREPROCESSOR_DEFINITIONS = (
					"DEBUG=1",
					"$(inherited)",
				);
				GCC_WARN_64_TO_32_BIT_CONVERSION = YES;
				GCC_WARN_ABOUT_RETURN_TYPE = YES_ERROR;
				GCC_WARN_UNDECLARED_SELECTOR = YES;
				GCC_WARN_UNINITIALIZED_AUTOS = YES_AGGRESSIVE;
				GCC_WARN_UNUSED_FUNCTION = YES;
				GCC_WARN_UNUSED_VARIABLE = YES;
				IPHONEOS_DEPLOYMENT_TARGET = 18.1;
				LOCALIZATION_PREFERS_STRING_CATALOGS = YES;
				MTL_ENABLE_DEBUG_INFO = INCLUDE_SOURCE;
				MTL_FAST_MATH = YES;
				ONLY_ACTIVE_ARCH = YES;
				SDKROOT = iphoneos;
				SWIFT_ACTIVE_COMPILATION_CONDITIONS = "DEBUG $(inherited)";
				SWIFT_OPTIMIZATION_LEVEL = "-Onone";
			};
			name = Debug;
		};
		B917A2342CDC176E005F47A6 /* Release */ = {
			isa = XCBuildConfiguration;
			buildSettings = {
				ALWAYS_SEARCH_USER_PATHS = NO;
				ASSETCATALOG_COMPILER_GENERATE_SWIFT_ASSET_SYMBOL_EXTENSIONS = YES;
				CLANG_ANALYZER_NONNULL = YES;
				CLANG_ANALYZER_NUMBER_OBJECT_CONVERSION = YES_AGGRESSIVE;
				CLANG_CXX_LANGUAGE_STANDARD = "gnu++20";
				CLANG_ENABLE_MODULES = YES;
				CLANG_ENABLE_OBJC_ARC = YES;
				CLANG_ENABLE_OBJC_WEAK = YES;
				CLANG_WARN_BLOCK_CAPTURE_AUTORELEASING = YES;
				CLANG_WARN_BOOL_CONVERSION = YES;
				CLANG_WARN_COMMA = YES;
				CLANG_WARN_CONSTANT_CONVERSION = YES;
				CLANG_WARN_DEPRECATED_OBJC_IMPLEMENTATIONS = YES;
				CLANG_WARN_DIRECT_OBJC_ISA_USAGE = YES_ERROR;
				CLANG_WARN_DOCUMENTATION_COMMENTS = YES;
				CLANG_WARN_EMPTY_BODY = YES;
				CLANG_WARN_ENUM_CONVERSION = YES;
				CLANG_WARN_INFINITE_RECURSION = YES;
				CLANG_WARN_INT_CONVERSION = YES;
				CLANG_WARN_NON_LITERAL_NULL_CONVERSION = YES;
				CLANG_WARN_OBJC_IMPLICIT_RETAIN_SELF = YES;
				CLANG_WARN_OBJC_LITERAL_CONVERSION = YES;
				CLANG_WARN_OBJC_ROOT_CLASS = YES_ERROR;
				CLANG_WARN_QUOTED_INCLUDE_IN_FRAMEWORK_HEADER = YES;
				CLANG_WARN_RANGE_LOOP_ANALYSIS = YES;
				CLANG_WARN_STRICT_PROTOTYPES = YES;
				CLANG_WARN_SUSPICIOUS_MOVE = YES;
				CLANG_WARN_UNGUARDED_AVAILABILITY = YES_AGGRESSIVE;
				CLANG_WARN_UNREACHABLE_CODE = YES;
				CLANG_WARN__DUPLICATE_METHOD_MATCH = YES;
				COPY_PHASE_STRIP = NO;
				DEBUG_INFORMATION_FORMAT = "dwarf-with-dsym";
				ENABLE_NS_ASSERTIONS = NO;
				ENABLE_STRICT_OBJC_MSGSEND = YES;
				ENABLE_USER_SCRIPT_SANDBOXING = YES;
				GCC_C_LANGUAGE_STANDARD = gnu17;
				GCC_NO_COMMON_BLOCKS = YES;
				GCC_WARN_64_TO_32_BIT_CONVERSION = YES;
				GCC_WARN_ABOUT_RETURN_TYPE = YES_ERROR;
				GCC_WARN_UNDECLARED_SELECTOR = YES;
				GCC_WARN_UNINITIALIZED_AUTOS = YES_AGGRESSIVE;
				GCC_WARN_UNUSED_FUNCTION = YES;
				GCC_WARN_UNUSED_VARIABLE = YES;
				IPHONEOS_DEPLOYMENT_TARGET = 18.1;
				LOCALIZATION_PREFERS_STRING_CATALOGS = YES;
				MTL_ENABLE_DEBUG_INFO = NO;
				MTL_FAST_MATH = YES;
				SDKROOT = iphoneos;
				SWIFT_COMPILATION_MODE = wholemodule;
				VALIDATE_PRODUCT = YES;
			};
			name = Release;
		};
		B917A2362CDC176E005F47A6 /* Debug */ = {
			isa = XCBuildConfiguration;
			buildSettings = {
				ASSETCATALOG_COMPILER_APPICON_NAME = AppIcon;
				ASSETCATALOG_COMPILER_GLOBAL_ACCENT_COLOR_NAME = AccentColor;
				CLANG_ENABLE_MODULES = YES;
				CODE_SIGN_STYLE = Automatic;
				CURRENT_PROJECT_VERSION = 1;
				DEVELOPMENT_ASSET_PATHS = "\"FoodCalendar/Preview Content\"";
				DEVELOPMENT_TEAM = QRYHGQ3JNK;
				ENABLE_PREVIEWS = YES;
				GENERATE_INFOPLIST_FILE = YES;
				INFOPLIST_KEY_UIApplicationSceneManifest_Generation = YES;
				INFOPLIST_KEY_UIApplicationSupportsIndirectInputEvents = YES;
				INFOPLIST_KEY_UILaunchScreen_Generation = YES;
				INFOPLIST_KEY_UISupportedInterfaceOrientations_iPad = "UIInterfaceOrientationPortrait UIInterfaceOrientationPortraitUpsideDown UIInterfaceOrientationLandscapeLeft UIInterfaceOrientationLandscapeRight";
				INFOPLIST_KEY_UISupportedInterfaceOrientations_iPhone = "UIInterfaceOrientationPortrait UIInterfaceOrientationLandscapeLeft UIInterfaceOrientationLandscapeRight";
				LD_RUNPATH_SEARCH_PATHS = (
					"$(inherited)",
					"@executable_path/Frameworks",
				);
				MARKETING_VERSION = 1.0;
				PRODUCT_BUNDLE_IDENTIFIER = GG.FoodCalendar;
				PRODUCT_NAME = "$(TARGET_NAME)";
				SWIFT_EMIT_LOC_STRINGS = YES;
				SWIFT_OPTIMIZATION_LEVEL = "-Onone";
				SWIFT_VERSION = 5.0;
				TARGETED_DEVICE_FAMILY = "1,2";
			};
			name = Debug;
		};
		B917A2372CDC176E005F47A6 /* Release */ = {
			isa = XCBuildConfiguration;
			buildSettings = {
				ASSETCATALOG_COMPILER_APPICON_NAME = AppIcon;
				ASSETCATALOG_COMPILER_GLOBAL_ACCENT_COLOR_NAME = AccentColor;
				CLANG_ENABLE_MODULES = YES;
				CODE_SIGN_STYLE = Automatic;
				CURRENT_PROJECT_VERSION = 1;
				DEVELOPMENT_ASSET_PATHS = "\"FoodCalendar/Preview Content\"";
				DEVELOPMENT_TEAM = QRYHGQ3JNK;
				ENABLE_PREVIEWS = YES;
				GENERATE_INFOPLIST_FILE = YES;
				INFOPLIST_KEY_UIApplicationSceneManifest_Generation = YES;
				INFOPLIST_KEY_UIApplicationSupportsIndirectInputEvents = YES;
				INFOPLIST_KEY_UILaunchScreen_Generation = YES;
				INFOPLIST_KEY_UISupportedInterfaceOrientations_iPad = "UIInterfaceOrientationPortrait UIInterfaceOrientationPortraitUpsideDown UIInterfaceOrientationLandscapeLeft UIInterfaceOrientationLandscapeRight";
				INFOPLIST_KEY_UISupportedInterfaceOrientations_iPhone = "UIInterfaceOrientationPortrait UIInterfaceOrientationLandscapeLeft UIInterfaceOrientationLandscapeRight";
				LD_RUNPATH_SEARCH_PATHS = (
					"$(inherited)",
					"@executable_path/Frameworks",
				);
				MARKETING_VERSION = 1.0;
				PRODUCT_BUNDLE_IDENTIFIER = GG.FoodCalendar;
				PRODUCT_NAME = "$(TARGET_NAME)";
				SWIFT_EMIT_LOC_STRINGS = YES;
				SWIFT_VERSION = 5.0;
				TARGETED_DEVICE_FAMILY = "1,2";
			};
			name = Release;
		};
		B917A2392CDC176E005F47A6 /* Debug */ = {
			isa = XCBuildConfiguration;
			buildSettings = {
				BUNDLE_LOADER = "$(TEST_HOST)";
				CODE_SIGN_STYLE = Automatic;
				CURRENT_PROJECT_VERSION = 1;
				DEVELOPMENT_TEAM = QRYHGQ3JNK;
				GENERATE_INFOPLIST_FILE = YES;
				IPHONEOS_DEPLOYMENT_TARGET = 18.1;
				MARKETING_VERSION = 1.0;
				PRODUCT_BUNDLE_IDENTIFIER = GG.FoodCalendarTests;
				PRODUCT_NAME = "$(TARGET_NAME)";
				SWIFT_EMIT_LOC_STRINGS = NO;
				SWIFT_VERSION = 5.0;
				TARGETED_DEVICE_FAMILY = "1,2";
				TEST_HOST = "$(BUILT_PRODUCTS_DIR)/FoodCalendar.app/$(BUNDLE_EXECUTABLE_FOLDER_PATH)/FoodCalendar";
			};
			name = Debug;
		};
		B917A23A2CDC176E005F47A6 /* Release */ = {
			isa = XCBuildConfiguration;
			buildSettings = {
				BUNDLE_LOADER = "$(TEST_HOST)";
				CODE_SIGN_STYLE = Automatic;
				CURRENT_PROJECT_VERSION = 1;
				DEVELOPMENT_TEAM = QRYHGQ3JNK;
				GENERATE_INFOPLIST_FILE = YES;
				IPHONEOS_DEPLOYMENT_TARGET = 18.1;
				MARKETING_VERSION = 1.0;
				PRODUCT_BUNDLE_IDENTIFIER = GG.FoodCalendarTests;
				PRODUCT_NAME = "$(TARGET_NAME)";
				SWIFT_EMIT_LOC_STRINGS = NO;
				SWIFT_VERSION = 5.0;
				TARGETED_DEVICE_FAMILY = "1,2";
				TEST_HOST = "$(BUILT_PRODUCTS_DIR)/FoodCalendar.app/$(BUNDLE_EXECUTABLE_FOLDER_PATH)/FoodCalendar";
			};
			name = Release;
		};
		B917A23C2CDC176E005F47A6 /* Debug */ = {
			isa = XCBuildConfiguration;
			buildSettings = {
				CODE_SIGN_STYLE = Automatic;
				CURRENT_PROJECT_VERSION = 1;
				DEVELOPMENT_TEAM = QRYHGQ3JNK;
				GENERATE_INFOPLIST_FILE = YES;
				MARKETING_VERSION = 1.0;
				PRODUCT_BUNDLE_IDENTIFIER = GG.FoodCalendarUITests;
				PRODUCT_NAME = "$(TARGET_NAME)";
				SWIFT_EMIT_LOC_STRINGS = NO;
				SWIFT_VERSION = 5.0;
				TARGETED_DEVICE_FAMILY = "1,2";
				TEST_TARGET_NAME = FoodCalendar;
			};
			name = Debug;
		};
		B917A23D2CDC176E005F47A6 /* Release */ = {
			isa = XCBuildConfiguration;
			buildSettings = {
				CODE_SIGN_STYLE = Automatic;
				CURRENT_PROJECT_VERSION = 1;
				DEVELOPMENT_TEAM = QRYHGQ3JNK;
				GENERATE_INFOPLIST_FILE = YES;
				MARKETING_VERSION = 1.0;
				PRODUCT_BUNDLE_IDENTIFIER = GG.FoodCalendarUITests;
				PRODUCT_NAME = "$(TARGET_NAME)";
				SWIFT_EMIT_LOC_STRINGS = NO;
				SWIFT_VERSION = 5.0;
				TARGETED_DEVICE_FAMILY = "1,2";
				TEST_TARGET_NAME = FoodCalendar;
			};
			name = Release;
		};
/* End XCBuildConfiguration section */

/* Begin XCConfigurationList section */
		B917A20C2CDC176D005F47A6 /* Build configuration list for PBXProject "FoodCalendar" */ = {
			isa = XCConfigurationList;
			buildConfigurations = (
				B917A2332CDC176E005F47A6 /* Debug */,
				B917A2342CDC176E005F47A6 /* Release */,
			);
			defaultConfigurationIsVisible = 0;
			defaultConfigurationName = Release;
		};
		B917A2352CDC176E005F47A6 /* Build configuration list for PBXNativeTarget "FoodCalendar" */ = {
			isa = XCConfigurationList;
			buildConfigurations = (
				B917A2362CDC176E005F47A6 /* Debug */,
				B917A2372CDC176E005F47A6 /* Release */,
			);
			defaultConfigurationIsVisible = 0;
			defaultConfigurationName = Release;
		};
		B917A2382CDC176E005F47A6 /* Build configuration list for PBXNativeTarget "FoodCalendarTests" */ = {
			isa = XCConfigurationList;
			buildConfigurations = (
				B917A2392CDC176E005F47A6 /* Debug */,
				B917A23A2CDC176E005F47A6 /* Release */,
			);
			defaultConfigurationIsVisible = 0;
			defaultConfigurationName = Release;
		};
		B917A23B2CDC176E005F47A6 /* Build configuration list for PBXNativeTarget "FoodCalendarUITests" */ = {
			isa = XCConfigurationList;
			buildConfigurations = (
				B917A23C2CDC176E005F47A6 /* Debug */,
				B917A23D2CDC176E005F47A6 /* Release */,
			);
			defaultConfigurationIsVisible = 0;
			defaultConfigurationName = Release;
		};
/* End XCConfigurationList section */
	};
	rootObject = B917A2092CDC176D005F47A6 /* Project object */;
}
